# @generated - this file is auto-generated by `mise lock` https://mise.en.dev/dev-tools/mise-lock.html

[[tools.actionlint]]
version = "1.7.12"
backend = "aqua:rhysd/actionlint"

[tools.actionlint."platforms.linux-arm64"]
checksum = "sha256:325e971b6ba9bfa504672e29be93c24981eeb1c07576d730e9f7c8805afff0c6"
url = "https://github.com/rhysd/actionlint/releases/download/v1.7.12/actionlint_1.7.12_linux_arm64.tar.gz"
url_api = "https://api.github.com/repos/rhysd/actionlint/releases/assets/384924897"
provenance = "github-attestations"

[tools.actionlint."platforms.linux-x64"]
checksum = "sha256:8aca8db96f1b94770f1b0d72b6dddcb1ebb8123cb3712530b08cc387b349a3d8"
url = "https://github.com/rhysd/actionlint/releases/download/v1.7.12/actionlint_1.7.12_linux_amd64.tar.gz"
url_api = "https://api.github.com/repos/rhysd/actionlint/releases/assets/384924896"
provenance = "github-attestations"

[tools.actionlint."platforms.macos-arm64"]
checksum = "sha256:aba9ced2dee8d27fecca3dc7feb1a7f9a52caefa1eb46f3271ea66b6e0e6953f"
url = "https://github.com/rhysd/actionlint/releases/download/v1.7.12/actionlint_1.7.12_darwin_arm64.tar.gz"
url_api = "https://api.github.com/repos/rhysd/actionlint/releases/assets/384924893"
provenance = "github-attestations"

[[tools.ansible-core]]
version = "2.21.5"
backend = "pipx:ansible-core"

[[tools."aqua:sholdee/crd-schema-publisher"]]
version = "2026.1004.145747"
backend = "aqua:sholdee/crd-schema-publisher"

[tools."aqua:sholdee/crd-schema-publisher"."platforms.linux-arm64"]
checksum = "sha256:b1c617959c23709b92e385336d345b0e702dd2320976827be3386ef935f46ac0"
url = "https://github.com/sholdee/crd-schema-publisher/releases/download/v2026.1004.145747/crd-schema-publisher-linux-arm64"
url_api = "https://api.github.com/repos/sholdee/crd-schema-publisher/releases/assets/610054080"
provenance = "github-attestations"

[tools."aqua:sholdee/crd-schema-publisher"."platforms.linux-x64"]
checksum = "sha256:6cb25587680829a41f2c90ef9584ece88771f5a2464e5f4172d6a6c4d97482db"
url = "https://github.com/sholdee/crd-schema-publisher/releases/download/v2026.1004.145747/crd-schema-publisher-linux-amd64"
url_api = "https://api.github.com/repos/sholdee/crd-schema-publisher/releases/assets/610054074"
provenance = "github-attestations"

[tools."aqua:sholdee/crd-schema-publisher"."platforms.macos-arm64"]
checksum = "sha256:01ddb384c836dce15a0fde79be160323fcdc166c09628b4aea3548feca6ec1aa"
url = "https://github.com/sholdee/crd-schema-publisher/releases/download/v2026.1004.145747/crd-schema-publisher-darwin-arm64"
url_api = "https://api.github.com/repos/sholdee/crd-schema-publisher/releases/assets/610054076"
provenance = "github-attestations"

[[tools.argocd]]
version = "3.5.4"
backend = "aqua:argoproj/argo-cd"

[tools.argocd."platforms.linux-arm64"]
checksum = "sha256:fe7c737ac912e281fa13dc27b2be6695634b9fe483d52846f3e7e65067b11c12"
url = "https://github.com/argoproj/argo-cd/releases/download/v3.5.4/argocd-linux-arm64"
url_api = "https://api.github.com/repos/argoproj/argo-cd/releases/assets/616636677"

[tools.argocd."platforms.linux-x64"]
checksum = "sha256:9cd8cb9f8f785357af441a9544cc1c63a2b8d9bad45ebe88503ab8e315c64ae3"
url = "https://github.com/argoproj/argo-cd/releases/download/v3.5.4/argocd-linux-amd64"
url_api = "https://api.github.com/repos/argoproj/argo-cd/releases/assets/616636682"

[tools.argocd."platforms.macos-arm64"]
checksum = "sha256:aac1cd7606c5960513edfc2a3ee7226c3860f0982f63b93b2f7e8b5c4d880873"
url = "https://github.com/argoproj/argo-cd/releases/download/v3.5.4/argocd-darwin-arm64"
url_api = "https://api.github.com/repos/argoproj/argo-cd/releases/assets/616636938"

[[tools.bats]]
version = "1.14.0"
backend = "aqua:bats-core/bats-core"

[tools.bats."platforms.linux-arm64"]
url = "https://github.com/bats-core/bats-core/archive/refs/tags/v1.14.0.tar.gz"
url_api = "https://api.github.com/repos/bats-core/bats-core/tarball/v1.14.0"

[tools.bats."platforms.linux-x64"]
url = "https://github.com/bats-core/bats-core/archive/refs/tags/v1.14.0.tar.gz"
url_api = "https://api.github.com/repos/bats-core/bats-core/tarball/v1.14.0"

[tools.bats."platforms.macos-arm64"]
url = "https://github.com/bats-core/bats-core/archive/refs/tags/v1.14.0.tar.gz"
url_api = "https://api.github.com/repos/bats-core/bats-core/tarball/v1.14.0"

[[tools.gh]]
version = "2.102.0"
backend = "aqua:cli/cli"

[tools.gh."platforms.linux-arm64"]
checksum = "sha256:7862c86c72f43df3a2d93ddde6f473285b4e2af61b494849846827e513ef6484"
url = "https://github.com/cli/cli/releases/download/v2.102.0/gh_2.102.0_linux_arm64.tar.gz"
url_api = "https://api.github.com/repos/cli/cli/releases/assets/599854680"
provenance = "github-attestations"

[tools.gh."platforms.linux-x64"]
checksum = "sha256:bb766f710eef8ede859c18578c72c327597cd4c8a85b06001b1f3843c6019386"
url = "https://github.com/cli/cli/releases/download/v2.102.0/gh_2.102.0_linux_amd64.tar.gz"
url_api = "https://api.github.com/repos/cli/cli/releases/assets/599854672"
provenance = "github-attestations"

[tools.gh."platforms.macos-arm64"]
checksum = "sha256:da922c20d1792e5b2cbf375593d7a658acf034c12c84e007e71c76ef959c337e"
url = "https://github.com/cli/cli/releases/download/v2.102.0/gh_2.102.0_macOS_arm64.zip"
url_api = "https://api.github.com/repos/cli/cli/releases/assets/599854720"
provenance = "github-attestations"

[[tools."github:cloudnative-pg/cloudnative-pg"]]
version = "1.30.1"
backend = "github:cloudnative-pg/cloudnative-pg"

[tools."github:cloudnative-pg/cloudnative-pg"."platforms.linux-arm64"]
checksum = "sha256:6ffad753bbbf5d353576967233063f2ba0adb843a4e7ef5ff4cb7384b2716d5e"
url = "https://github.com/cloudnative-pg/cloudnative-pg/releases/download/v1.30.1/kubectl-cnpg_1.30.1_linux_arm64.tar.gz"
url_api = "https://api.github.com/repos/cloudnative-pg/cloudnative-pg/releases/assets/583849045"

[tools."github:cloudnative-pg/cloudnative-pg"."platforms.linux-x64"]
checksum = "sha256:784bc46f176b24a150d5de84d0691f10ff613b59456af86b1a4868e1bacb9953"
url = "https://github.com/cloudnative-pg/cloudnative-pg/releases/download/v1.30.1/kubectl-cnpg_1.30.1_linux_x86_64.tar.gz"
url_api = "https://api.github.com/repos/cloudnative-pg/cloudnative-pg/releases/assets/583849034"

[tools."github:cloudnative-pg/cloudnative-pg"."platforms.macos-arm64"]
checksum = "sha256:74836f530b54f060126fc8cf5fd5c27e77801a6d36f61b66f4457218aa11383f"
url = "https://github.com/cloudnative-pg/cloudnative-pg/releases/download/v1.30.1/kubectl-cnpg_1.30.1_darwin_arm64.tar.gz"
url_api = "https://api.github.com/repos/cloudnative-pg/cloudnative-pg/releases/assets/583849039"

[[tools."github:sholdee/drydock"]]
version = "0.3.3"
backend = "github:sholdee/drydock"

[tools."github:sholdee/drydock"."platforms.linux-arm64"]
checksum = "sha256:777af1c52dfdb546b1afc843760bc7e5e64843054f3768f077d0df55cf0e82e9"
url = "https://github.com/sholdee/drydock/releases/download/v0.3.3/drydock_linux-arm64.tar.gz"
url_api = "https://api.github.com/repos/sholdee/drydock/releases/assets/606175344"
provenance = "github-attestations"

[tools."github:sholdee/drydock"."platforms.linux-x64"]
checksum = "sha256:277fb2e8a837f44e96fd5f5acb7cc4570636b611bdfbcddc578953a3eded5b54"
url = "https://github.com/sholdee/drydock/releases/download/v0.3.3/drydock_linux-amd64.tar.gz"
url_api = "https://api.github.com/repos/sholdee/drydock/releases/assets/606175318"
provenance = "github-attestations"

[tools."github:sholdee/drydock"."platforms.macos-arm64"]
checksum = "sha256:95a0abf281ebaf7ea0d5b34a70e77713a0b0efa82d497eec7c97e64d6a655ee1"
url = "https://github.com/sholdee/drydock/releases/download/v0.3.3/drydock_darwin-arm64.tar.gz"
url_api = "https://api.github.com/repos/sholdee/drydock/releases/assets/606175289"
provenance = "github-attestations"

[[tools.gitleaks]]
version = "8.30.1"
backend = "aqua:gitleaks/gitleaks"

[tools.gitleaks."platforms.linux-arm64"]
checksum = "sha256:e4a487ee7ccd7d3a7f7ec08657610aa3606637dab924210b3aee62570fb4b080"
url = "https://github.com/gitleaks/gitleaks/releases/download/v8.30.1/gitleaks_8.30.1_linux_arm64.tar.gz"
url_api = "https://api.github.com/repos/gitleaks/gitleaks/releases/assets/378332057"

[tools.gitleaks."platforms.linux-x64"]
checksum = "sha256:551f6fc83ea457d62a0d98237cbad105af8d557003051f41f3e7ca7b3f2470eb"
url = "https://github.com/gitleaks/gitleaks/releases/download/v8.30.1/gitleaks_8.30.1_linux_x64.tar.gz"
url_api = "https://api.github.com/repos/gitleaks/gitleaks/releases/assets/378332058"

[tools.gitleaks."platforms.macos-arm64"]
checksum = "sha256:b40ab0ae55c505963e365f271a8d3846efbc170aa17f2607f13df610a9aeb6a5"
url = "https://github.com/gitleaks/gitleaks/releases/download/v8.30.1/gitleaks_8.30.1_darwin_arm64.tar.gz"
url_api = "https://api.github.com/repos/gitleaks/gitleaks/releases/assets/378332059"

[[tools.helm]]
version = "3.22.0"
backend = "aqua:helm/helm"

[tools.helm."platforms.linux-arm64"]
checksum = "sha256:f14e804dfee240f55525b667488fe9adca349e63e00c9af634c0beb1421ac310"
url = "https://get.helm.sh/helm-v3.22.0-linux-arm64.tar.gz"

[tools.helm."platforms.linux-x64"]
checksum = "sha256:1e4ab49e429626cf6c6958d914248b78c9730803c2751b87627e171dc800e7bb"
url = "https://get.helm.sh/helm-v3.22.0-linux-amd64.tar.gz"

[tools.helm."platforms.macos-arm64"]
checksum = "sha256:4c9982a6cdeb458b60258df66b55398ca5b19293f6877faffe2909ad6f23dfe0"
url = "https://get.helm.sh/helm-v3.22.0-darwin-arm64.tar.gz"

[[tools.jq]]
version = "1.8.2"
backend = "aqua:jqlang/jq"

[tools.jq."platforms.linux-arm64"]
checksum = "sha256:8b85c817833814ddca00a144c33705546355afccf0cf39b188f3cdb48b852309"
url = "https://github.com/jqlang/jq/releases/download/jq-1.8.2/jq-linux-arm64"
url_api = "https://api.github.com/repos/jqlang/jq/releases/assets/453012756"
provenance = "github-attestations"

[tools.jq."platforms.linux-x64"]
checksum = "sha256:b1c22172dd303f3be49e935aa56aa48a8b7a46e0bc838b4997d3bb451495870f"
url = "https://github.com/jqlang/jq/releases/download/jq-1.8.2/jq-linux-amd64"
url_api = "https://api.github.com/repos/jqlang/jq/releases/assets/453012752"
provenance = "github-attestations"

[tools.jq."platforms.macos-arm64"]
checksum = "sha256:2d75340ba57a4b4b4c8708a21c2dc8e958a48aaa8bba13b27f77f6e4c0eca07e"
url = "https://github.com/jqlang/jq/releases/download/jq-1.8.2/jq-macos-arm64"
url_api = "https://api.github.com/repos/jqlang/jq/releases/assets/453012783"
provenance = "github-attestations"

[[tools.jsonschema]]
version = "17.2.0"
backend = "aqua:sourcemeta/jsonschema"

[tools.jsonschema."platforms.linux-arm64"]
checksum = "sha256:defd6952b10ab006522fa8902d3b4307bdb00b533039211b28394b2f76e9702c"
url = "https://github.com/sourcemeta/jsonschema/releases/download/v17.2.0/jsonschema-17.2.0-linux-arm64.zip"
url_api = "https://api.github.com/repos/sourcemeta/jsonschema/releases/assets/616138686"

[tools.jsonschema."platforms.linux-x64"]
checksum = "sha256:c347107c2dd5b15c14db1b3997e2964214d80f68678e509cdf0b4e5138b2089f"
url = "https://github.com/sourcemeta/jsonschema/releases/download/v17.2.0/jsonschema-17.2.0-linux-x86_64.zip"
url_api = "https://api.github.com/repos/sourcemeta/jsonschema/releases/assets/616138712"

[tools.jsonschema."platforms.macos-arm64"]
checksum = "sha256:3b1e570f270a4bc2fbbca77a926eb6772afc876b9fc9e2a2e2ea3aff4f6c1c34"
url = "https://github.com/sourcemeta/jsonschema/releases/download/v17.2.0/jsonschema-17.2.0-darwin-arm64.zip"
url_api = "https://api.github.com/repos/sourcemeta/jsonschema/releases/assets/616138688"

[[tools.just]]
version = "1.58.0"
backend = "aqua:casey/just"

[tools.just."platforms.linux-arm64"]
checksum = "sha256:748237128c4c40cbdabc65e841d05ceba13cc23a91eaba395495894c1d9764df"
url = "https://github.com/casey/just/releases/download/1.58.0/just-1.58.0-aarch64-unknown-linux-musl.tar.gz"
url_api = "https://api.github.com/repos/casey/just/releases/assets/500510099"

[tools.just."platforms.linux-x64"]
checksum = "sha256:4a5cc2f53e6f0f8c59092a6cc38291eb729d46a7dd95d3ae582008881b84931d"
url = "https://github.com/casey/just/releases/download/1.58.0/just-1.58.0-x86_64-unknown-linux-musl.tar.gz"
url_api = "https://api.github.com/repos/casey/just/releases/assets/500509978"

[tools.just."platforms.macos-arm64"]
checksum = "sha256:50ae3e996c974a0bf32ea7d10f495070df33f1b43e0616b2769e3d4821ed8f48"
url = "https://github.com/casey/just/releases/download/1.58.0/just-1.58.0-aarch64-apple-darwin.tar.gz"
url_api = "https://api.github.com/repos/casey/just/releases/assets/500509965"

[[tools.kind]]
version = "0.33.0"
backend = "aqua:kubernetes-sigs/kind"

[tools.kind."platforms.linux-arm64"]
checksum = "sha256:20022bee6cfcd5086cb7234d218e3454e6090022f2a8f55d1fa7fcf42c3867a2"
url = "https://github.com/kubernetes-sigs/kind/releases/download/v0.33.0/kind-linux-arm64"
url_api = "https://api.github.com/repos/kubernetes-sigs/kind/releases/assets/531396478"

[tools.kind."platforms.linux-x64"]
checksum = "sha256:aee6151561422756b764a4ae28e7f44cda5af5a9eead3cc9985112b1de8d8e0d"
url = "https://github.com/kubernetes-sigs/kind/releases/download/v0.33.0/kind-linux-amd64"
url_api = "https://api.github.com/repos/kubernetes-sigs/kind/releases/assets/531396433"

[tools.kind."platforms.macos-arm64"]
checksum = "sha256:0c8c7dbe5e23594a198b786c4bc13dacc101fa6196b0cb0b23a1ca44e61f4b4f"
url = "https://github.com/kubernetes-sigs/kind/releases/download/v0.33.0/kind-darwin-arm64"
url_api = "https://api.github.com/repos/kubernetes-sigs/kind/releases/assets/531396417"

[[tools.kubeconform]]
version = "0.8.0"
backend = "aqua:yannh/kubeconform"

[tools.kubeconform."platforms.linux-arm64"]
checksum = "sha256:1f53fc8e81258197a35e8603054162a5af1de8c5af13746c71ab680d9534ed87"
url = "https://github.com/yannh/kubeconform/releases/download/v0.8.0/kubeconform-linux-arm64.tar.gz"
url_api = "https://api.github.com/repos/yannh/kubeconform/releases/assets/438612685"

[tools.kubeconform."platforms.linux-x64"]
checksum = "sha256:9bc2bffbf71f261128533edaf912153948b7ff238f9a531ae6d34466ec287883"
url = "https://github.com/yannh/kubeconform/releases/download/v0.8.0/kubeconform-linux-amd64.tar.gz"
url_api = "https://api.github.com/repos/yannh/kubeconform/releases/assets/438612666"

[tools.kubeconform."platforms.macos-arm64"]
checksum = "sha256:f84f4dfbebf4a6b0b230385fa065a39ea35e02608c2b50d025dcf64775a69d67"
url = "https://github.com/yannh/kubeconform/releases/download/v0.8.0/kubeconform-darwin-arm64.tar.gz"
url_api = "https://api.github.com/repos/yannh/kubeconform/releases/assets/438612680"

[[tools.kubectl]]
version = "1.37.1"
backend = "aqua:kubernetes/kubernetes/kubectl"

[tools.kubectl."platforms.linux-arm64"]
checksum = "sha256:ff749f4b78d9c4f1ec87307df9b50119ed819e2094aa9810cb9acffc3286c8c7"
url = "https://dl.k8s.io/v1.37.1/bin/linux/arm64/kubectl"

[tools.kubectl."platforms.linux-x64"]
checksum = "sha256:65691ff77eb6fa44c908b77a1082c9f092c3b9733b5cefabec0d1104890e21a8"
url = "https://dl.k8s.io/v1.37.1/bin/linux/amd64/kubectl"

[tools.kubectl."platforms.macos-arm64"]
checksum = "sha256:fd65982c97ddad3106754b69ffa196d0e543aa591930ae52aed1adfb92f8c77f"
url = "https://dl.k8s.io/v1.37.1/bin/darwin/arm64/kubectl"

[[tools.kustomize]]
version = "5.8.2"
backend = "aqua:kubernetes-sigs/kustomize"

[tools.kustomize."platforms.linux-arm64"]
checksum = "sha256:0991957191951cb7dddd142403b5bb98a1fcd6378ba0079dddc1e2c309080a7f"
url = "https://github.com/kubernetes-sigs/kustomize/releases/download/kustomize/v5.8.2/kustomize_v5.8.2_linux_arm64.tar.gz"
url_api = "https://api.github.com/repos/kubernetes-sigs/kustomize/releases/assets/600925223"

[tools.kustomize."platforms.linux-x64"]
checksum = "sha256:06af0a202c2b831207d0173f9c9cdb1b30abceca0747cb3fbb72792d26055c95"
url = "https://github.com/kubernetes-sigs/kustomize/releases/download/kustomize/v5.8.2/kustomize_v5.8.2_linux_amd64.tar.gz"
url_api = "https://api.github.com/repos/kubernetes-sigs/kustomize/releases/assets/600925225"

[tools.kustomize."platforms.macos-arm64"]
checksum = "sha256:4ce452c096a4005be16ddc02129255830d1d6605ffe3693699c72a1b2be48658"
url = "https://github.com/kubernetes-sigs/kustomize/releases/download/kustomize/v5.8.2/kustomize_v5.8.2_darwin_arm64.tar.gz"
url_api = "https://api.github.com/repos/kubernetes-sigs/kustomize/releases/assets/600925224"

[[tools.lefthook]]
version = "2.2.0"
backend = "aqua:evilmartians/lefthook"

[tools.lefthook."platforms.linux-arm64"]
checksum = "sha256:97390b816df207d8ecbfe3714419778007ec02c680f131df6af2a3e7c337d9f5"
url = "https://github.com/evilmartians/lefthook/releases/download/v2.2.0/lefthook_2.2.0_Linux_aarch64.gz"
url_api = "https://api.github.com/repos/evilmartians/lefthook/releases/assets/619550824"
provenance = "github-attestations"

[tools.lefthook."platforms.linux-x64"]
checksum = "sha256:93cdcec92f5918d067f566c4c82ce4334b396646ca70fbc4413918abfd26731f"
url = "https://github.com/evilmartians/lefthook/releases/download/v2.2.0/lefthook_2.2.0_Linux_x86_64.gz"
url_api = "https://api.github.com/repos/evilmartians/lefthook/releases/assets/619550696"
provenance = "github-attestations"

[tools.lefthook."platforms.macos-arm64"]
checksum = "sha256:41eceba8ceeb954e9dabfd10cd7a3caed16dd65448cacee7347c43d49ab07f23"
url = "https://github.com/evilmartians/lefthook/releases/download/v2.2.0/lefthook_2.2.0_MacOS_arm64.gz"
url_api = "https://api.github.com/repos/evilmartians/lefthook/releases/assets/619550718"
provenance = "github-attestations"

[[tools.lima]]
version = "2.2.1"
backend = "aqua:lima-vm/lima"

[tools.lima."platforms.linux-arm64"]
checksum = "sha256:fbcf4d127936666aa2cf6013b663c250431f2a59394757b404070f8d6a160e10"
url = "https://github.com/lima-vm/lima/releases/download/v2.2.1/lima-2.2.1-Linux-aarch64.tar.gz"
url_api = "https://api.github.com/repos/lima-vm/lima/releases/assets/607822566"
provenance = "github-attestations"

[tools.lima."platforms.linux-x64"]
checksum = "sha256:b391ac7fcac2b2a5a1628107756463188ded4d18d3104a40a66a8bb6fec01bcb"
url = "https://github.com/lima-vm/lima/releases/download/v2.2.1/lima-2.2.1-Linux-x86_64.tar.gz"
url_api = "https://api.github.com/repos/lima-vm/lima/releases/assets/607822567"
provenance = "github-attestations"

[tools.lima."platforms.macos-arm64"]
checksum = "sha256:9e9eacce88f37e185c346bad73aa6136f738d8cdf8c3bb23cd42b071824bc66e"
url = "https://github.com/lima-vm/lima/releases/download/v2.2.1/lima-2.2.1-Darwin-arm64.tar.gz"
url_api = "https://api.github.com/repos/lima-vm/lima/releases/assets/607822568"
provenance = "github-attestations"

[[tools.op]]
version = "2.34.0"
backend = "aqua:1password/cli"

[tools.op."platforms.linux-arm64"]
url = "https://cache.agilebits.com/dist/1P/op2/pkg/v2.34.0/op_linux_arm64_v2.34.0.zip"

[tools.op."platforms.linux-x64"]
url = "https://cache.agilebits.com/dist/1P/op2/pkg/v2.34.0/op_linux_amd64_v2.34.0.zip"

[tools.op."platforms.macos-arm64"]
url = "https://cache.agilebits.com/dist/1P/op2/pkg/v2.34.0/op_darwin_arm64_v2.34.0.zip"

[[tools.oxfmt]]
version = "0.72.0"
backend = "npm:oxfmt"

[[tools.pipx]]
version = "1.17.12"
backend = "aqua:pypa/pipx"

[tools.pipx."platforms.linux-arm64"]
checksum = "sha256:e27cb4aecff5da2784d7d8e0ee64af6f01d12eead2668ec366f040dece79c93e"
url = "https://github.com/pypa/pipx/releases/download/1.17.12/pipx.pyz"
url_api = "https://api.github.com/repos/pypa/pipx/releases/assets/619690377"

[tools.pipx."platforms.linux-x64"]
checksum = "sha256:e27cb4aecff5da2784d7d8e0ee64af6f01d12eead2668ec366f040dece79c93e"
url = "https://github.com/pypa/pipx/releases/download/1.17.12/pipx.pyz"
url_api = "https://api.github.com/repos/pypa/pipx/releases/assets/619690377"

[tools.pipx."platforms.macos-arm64"]
checksum = "sha256:e27cb4aecff5da2784d7d8e0ee64af6f01d12eead2668ec366f040dece79c93e"
url = "https://github.com/pypa/pipx/releases/download/1.17.12/pipx.pyz"
url_api = "https://api.github.com/repos/pypa/pipx/releases/assets/619690377"

[[tools."pipx:ansible-lint"]]
version = "26.9.0"
backend = "pipx:ansible-lint"

[[tools.python]]
version = "3.14.8"
backend = "core:python"

[tools.python."platforms.linux-arm64"]
checksum = "sha256:4395ae16388f9d3409cba7e20161753ed3359b13d959345415029f874f675162"
url = "https://github.com/astral-sh/python-build-standalone/releases/download/20261001/cpython-3.14.8+20261001-aarch64-unknown-linux-gnu-install_only_stripped.tar.gz"
provenance = "github-attestations"

[tools.python."platforms.linux-x64"]
checksum = "sha256:b373a4a4e4e70fc05f368c9b53d7738bf37637682b650d96c742805d2da26c32"
url = "https://github.com/astral-sh/python-build-standalone/releases/download/20261001/cpython-3.14.8+20261001-x86_64-unknown-linux-gnu-install_only_stripped.tar.gz"
provenance = "github-attestations"

[tools.python."platforms.macos-arm64"]
checksum = "sha256:69e48cd7f54261df5b6abbd374f69fe6e496fa781d271592aeef49cd5ffbea6c"
url = "https://github.com/astral-sh/python-build-standalone/releases/download/20261001/cpython-3.14.8+20261001-aarch64-apple-darwin-install_only_stripped.tar.gz"
provenance = "github-attestations"

[[tools.rush]]
version = "0.11.0"
backend = "aqua:shenwei356/rush"

[tools.rush."platforms.linux-arm64"]
checksum = "sha256:466931db70732296b98bfe1a1aec4a6a79c226e4aa5bc690283bb39560e708de"
url = "https://github.com/shenwei356/rush/releases/download/v0.11.0/rush_linux_arm64.tar.gz"
url_api = "https://api.github.com/repos/shenwei356/rush/releases/assets/579426242"

[tools.rush."platforms.linux-x64"]
checksum = "sha256:7a22bbc7122acd5bd23e2dfde49f84bb856944a1860057bc89921b3dce45d056"
url = "https://github.com/shenwei356/rush/releases/download/v0.11.0/rush_linux_amd64.tar.gz"
url_api = "https://api.github.com/repos/shenwei356/rush/releases/assets/579426098"

[tools.rush."platforms.macos-arm64"]
checksum = "sha256:87f811032b727806158111856b77be076d2c923cc013de20d744405eb4dfe455"
url = "https://github.com/shenwei356/rush/releases/download/v0.11.0/rush_darwin_arm64.tar.gz"
url_api = "https://api.github.com/repos/shenwei356/rush/releases/assets/579424349"

[[tools.shellcheck]]
version = "0.11.0"
backend = "aqua:koalaman/shellcheck"

[tools.shellcheck."platforms.linux-arm64"]
checksum = "sha256:12b331c1d2db6b9eb13cfca64306b1b157a86eb69db83023e261eaa7e7c14588"
url = "https://github.com/koalaman/shellcheck/releases/download/v0.11.0/shellcheck-v0.11.0.linux.aarch64.tar.xz"
url_api = "https://api.github.com/repos/koalaman/shellcheck/releases/assets/279056934"

[tools.shellcheck."platforms.linux-x64"]
checksum = "sha256:8c3be12b05d5c177a04c29e3c78ce89ac86f1595681cab149b65b97c4e227198"
url = "https://github.com/koalaman/shellcheck/releases/download/v0.11.0/shellcheck-v0.11.0.linux.x86_64.tar.xz"
url_api = "https://api.github.com/repos/koalaman/shellcheck/releases/assets/279056942"

[tools.shellcheck."platforms.macos-arm64"]
checksum = "sha256:56affdd8de5527894dca6dc3d7e0a99a873b0f004d7aabc30ae407d3f48b0a79"
url = "https://github.com/koalaman/shellcheck/releases/download/v0.11.0/shellcheck-v0.11.0.darwin.aarch64.tar.xz"
url_api = "https://api.github.com/repos/koalaman/shellcheck/releases/assets/279056932"

[[tools.yq]]
version = "4.54.1"
backend = "aqua:mikefarah/yq"

[tools.yq."platforms.linux-arm64"]
checksum = "sha256:189088da0c6429ec5178dfaab1a114805f6cab0b61b165ab236efedf1d57a71b"
url = "https://github.com/mikefarah/yq/releases/download/v4.54.1/yq_linux_arm64"
url_api = "https://api.github.com/repos/mikefarah/yq/releases/assets/597222603"
provenance = "cosign"

[tools.yq."platforms.linux-x64"]
checksum = "sha256:8e34fc298390875de416e6a4afcb8cabeceb25d9aa8506c1a2f9353cf702ea5f"
url = "https://github.com/mikefarah/yq/releases/download/v4.54.1/yq_linux_amd64"
url_api = "https://api.github.com/repos/mikefarah/yq/releases/assets/597222595"
provenance = "cosign"

[tools.yq."platforms.macos-arm64"]
checksum = "sha256:fee511a181bd8b3e6b7da98842b41973bfac8cd3bcd341ed29a584620b5b2844"
url = "https://github.com/mikefarah/yq/releases/download/v4.54.1/yq_darwin_arm64"
url_api = "https://api.github.com/repos/mikefarah/yq/releases/assets/597222609"
provenance = "cosign"

[[tools.zizmor]]
version = "1.30.1"
backend = "aqua:zizmorcore/zizmor"

[tools.zizmor."platforms.linux-arm64"]
checksum = "sha256:7ff1dce33bdd18fd2a4affe63bdd47efcccca97b2cec1c1863ec26e9e2647540"
url = "https://github.com/zizmorcore/zizmor/releases/download/v1.30.1/zizmor-aarch64-unknown-linux-gnu.tar.gz"
url_api = "https://api.github.com/repos/zizmorcore/zizmor/releases/assets/552067643"
provenance = "github-attestations"

[tools.zizmor."platforms.linux-x64"]
checksum = "sha256:e65324f4430c2717591937edcec90ccbefaf14c174f8ec9415e03ca875b46e1a"
url = "https://github.com/zizmorcore/zizmor/releases/download/v1.30.1/zizmor-x86_64-unknown-linux-gnu.tar.gz"
url_api = "https://api.github.com/repos/zizmorcore/zizmor/releases/assets/552067642"
provenance = "github-attestations"

[tools.zizmor."platforms.macos-arm64"]
checksum = "sha256:e28d22b087f9ebb8d99da6e740d348c930f559961c7c3f12badda54f882195a2"
url = "https://github.com/zizmorcore/zizmor/releases/download/v1.30.1/zizmor-aarch64-apple-darwin.tar.gz"
url_api = "https://api.github.com/repos/zizmorcore/zizmor/releases/assets/552067640"
provenance = "github-attestations"
